
Microsoft Visual Studio Solution File, Format Version 12.00
# Visual Studio 2012
Project("{FAE04EC0-301F-11D3-BF4B-00C04F79EFBC}") = "SamplesTestProyect", "UnitTestProject2\SamplesTestProyect.csproj", "{B1468B10-F87F-45F8-96E6-0EFC335137CC}"
EndProject
Project("{2150E333-8FDC-42A3-9474-1A3956D46DE8}") = "Solution Items", "Solution Items", "{FBE8749C-54E7-4840-AFF2-F3528B7D3537}"
	ProjectSection(SolutionItems) = preProject
		Readme.txt = Readme.txt
	EndProjectSection
EndProject
Project("{FAE04EC0-301F-11D3-BF4B-00C04F79EFBC}") = "MvcSampleProyect", "MvcSampleProyect\MvcSampleProyect.csproj", "{39DD83AC-FDEC-40BC-835E-CEDD72764B77}"
EndProject
Project("{FAE04EC0-301F-11D3-BF4B-00C04F79EFBC}") = "RequreJs", "RequreJs\RequreJs.csproj", "{DC16D617-19E2-466C-96E4-402ED00509C8}"
EndProject
Project("{FAE04EC0-301F-11D3-BF4B-00C04F79EFBC}") = "EF4EF5TransactionScope", "EF4EF5TransactionScope\EF4EF5TransactionScope.csproj", "{733BB875-4CDD-4A42-AAF1-17EF6D03CEC5}"
EndProject
Global
	GlobalSection(SolutionConfigurationPlatforms) = preSolution
		Debug|Any CPU = Debug|Any CPU
		Release|Any CPU = Release|Any CPU
	EndGlobalSection
	GlobalSection(ProjectConfigurationPlatforms) = postSolution
		{B1468B10-F87F-45F8-96E6-0EFC335137CC}.Debug|Any CPU.ActiveCfg = Debug|Any CPU
		{B1468B10-F87F-45F8-96E6-0EFC335137CC}.Debug|Any CPU.Build.0 = Debug|Any CPU
		{B1468B10-F87F-45F8-96E6-0EFC335137CC}.Release|Any CPU.ActiveCfg = Release|Any CPU
		{B1468B10-F87F-45F8-96E6-0EFC335137CC}.Release|Any CPU.Build.0 = Release|Any CPU
		{39DD83AC-FDEC-40BC-835E-CEDD72764B77}.Debug|Any CPU.ActiveCfg = Debug|Any CPU
		{39DD83AC-FDEC-40BC-835E-CEDD72764B77}.Debug|Any CPU.Build.0 = Debug|Any CPU
		{39DD83AC-FDEC-40BC-835E-CEDD72764B77}.Release|Any CPU.ActiveCfg = Release|Any CPU
		{39DD83AC-FDEC-40BC-835E-CEDD72764B77}.Release|Any CPU.Build.0 = Release|Any CPU
		{DC16D617-19E2-466C-96E4-402ED00509C8}.Debug|Any CPU.ActiveCfg = Debug|Any CPU
		{DC16D617-19E2-466C-96E4-402ED00509C8}.Debug|Any CPU.Build.0 = Debug|Any CPU
		{DC16D617-19E2-466C-96E4-402ED00509C8}.Release|Any CPU.ActiveCfg = Release|Any CPU
		{DC16D617-19E2-466C-96E4-402ED00509C8}.Release|Any CPU.Build.0 = Release|Any CPU
		{733BB875-4CDD-4A42-AAF1-17EF6D03CEC5}.Debug|Any CPU.ActiveCfg = Debug|Any CPU
		{733BB875-4CDD-4A42-AAF1-17EF6D03CEC5}.Debug|Any CPU.Build.0 = Debug|Any CPU
		{733BB875-4CDD-4A42-AAF1-17EF6D03CEC5}.Release|Any CPU.ActiveCfg = Release|Any CPU
		{733BB875-4CDD-4A42-AAF1-17EF6D03CEC5}.Release|Any CPU.Build.0 = Release|Any CPU
	EndGlobalSection
	GlobalSection(SolutionProperties) = preSolution
		HideSolutionNode = FALSE
	EndGlobalSection
EndGlobal
