
Microsoft Visual Studio Solution File, Format Version 12.00
# Visual Studio 15
VisualStudioVersion = 15.0.27130.2020
MinimumVisualStudioVersion = 10.0.40219.1
Project("{FAE04EC0-301F-11D3-BF4B-00C04F79EFBC}") = "WpfApp1", "WpfApp1\WpfApp1.csproj", "{267580F3-975E-42FA-962D-67C7BB2276D1}"
EndProject
Project("{FAE04EC0-301F-11D3-BF4B-00C04F79EFBC}") = "WebApplication1", "WebApplication1\WebApplication1.csproj", "{4BF5EFF3-45C0-4A2C-A668-AF35CBF55713}"
EndProject
Global
	GlobalSection(SolutionConfigurationPlatforms) = preSolution
		Debug|Any CPU = Debug|Any CPU
		Release|Any CPU = Release|Any CPU
	EndGlobalSection
	GlobalSection(ProjectConfigurationPlatforms) = postSolution
		{267580F3-975E-42FA-962D-67C7BB2276D1}.Debug|Any CPU.ActiveCfg = Debug|Any CPU
		{267580F3-975E-42FA-962D-67C7BB2276D1}.Debug|Any CPU.Build.0 = Debug|Any CPU
		{267580F3-975E-42FA-962D-67C7BB2276D1}.Release|Any CPU.ActiveCfg = Release|Any CPU
		{267580F3-975E-42FA-962D-67C7BB2276D1}.Release|Any CPU.Build.0 = Release|Any CPU
		{4BF5EFF3-45C0-4A2C-A668-AF35CBF55713}.Debug|Any CPU.ActiveCfg = Debug|Any CPU
		{4BF5EFF3-45C0-4A2C-A668-AF35CBF55713}.Debug|Any CPU.Build.0 = Debug|Any CPU
		{4BF5EFF3-45C0-4A2C-A668-AF35CBF55713}.Release|Any CPU.ActiveCfg = Release|Any CPU
		{4BF5EFF3-45C0-4A2C-A668-AF35CBF55713}.Release|Any CPU.Build.0 = Release|Any CPU
	EndGlobalSection
	GlobalSection(SolutionProperties) = preSolution
		HideSolutionNode = FALSE
	EndGlobalSection
	GlobalSection(ExtensibilityGlobals) = postSolution
		SolutionGuid = {D47C9A01-6A63-4F23-8CDA-5404D05A5530}
	EndGlobalSection
EndGlobal
